# THIS IS AN AUTOGENERATED FILE. DO NOT EDIT THIS FILE DIRECTLY.
# yarn lockfile v1


bs-platform@1.9.2:
  version "1.9.2"
  resolved "https://registry.yarnpkg.com/bs-platform/-/bs-platform-1.9.2.tgz#19e1f3a0331ffbcf416c5c1b883fdf656aac18b8"

humps@^2.0.1:
  version "2.0.1"
  resolved "https://registry.yarnpkg.com/humps/-/humps-2.0.1.tgz#dd02ea6081bd0568dc5d073184463957ba9ef9aa"
